# Generated by pub
# See https://dart.dev/tools/pub/glossary#lockfile
packages:
  clipper2:
    dependency: "direct main"
    description:
      name: clipper2
      sha256: eddedb18c8ad4beaa35e77e0493c1797ef728d8d594223e684c42f9a4bb2df13
      url: "https://pub.dev"
    source: hosted
    version: "0.0.3"
  collection:
    dependency: transitive
    description:
      name: collection
      sha256: "2f5709ae4d3d59dd8f7cd309b4e023046b57d8a6c82130785d2b0e5868084e76"
      url: "https://pub.dev"
    source: hosted
    version: "1.19.1"
  lints:
    dependency: "direct dev"
    description:
      name: lints
      sha256: "12f842a479589fea194fe5c5a3095abc7be0c1f2ddfa9a0e76aed1dbd26a87df"
      url: "https://pub.dev"
    source: hosted
    version: "6.1.0"
  vector_math:
    dependency: "direct main"
    description:
      name: vector_math
      sha256: "92b9910f66ed1057fd4da7b040ae7c74cafacf885bdc81be496928d5049b032d"
      url: "https://pub.dev"
    source: hosted
    version: "2.4.3"
sdks:
  dart: ">=3.13.0 <4.0.0"
